
Microsoft Visual Studio Solution File, Format Version 12.00
# Visual Studio Version 17
VisualStudioVersion = 17.6.33829.357
MinimumVisualStudioVersion = 10.0.40219.1
Project("{9A19103F-16F7-4668-BE54-9A1E7A4F7556}") = "InventoryAPI.Contracts", "Inventory.Contracts\InventoryAPI.Contracts.csproj", "{C2C6169A-EC49-44DE-8366-38ACB47C7A79}"
EndProject
Project("{9A19103F-16F7-4668-BE54-9A1E7A4F7556}") = "InventoryAPI", "InventoryAPI\InventoryAPI.csproj", "{F339A433-36F7-4539-BEB9-0EEF5FD7B047}"
EndProject
Global
	GlobalSection(SolutionConfigurationPlatforms) = preSolution
		Debug|Any CPU = Debug|Any CPU
		Release|Any CPU = Release|Any CPU
	EndGlobalSection
	GlobalSection(ProjectConfigurationPlatforms) = postSolution
		{C2C6169A-EC49-44DE-8366-38ACB47C7A79}.Debug|Any CPU.ActiveCfg = Debug|Any CPU
		{C2C6169A-EC49-44DE-8366-38ACB47C7A79}.Debug|Any CPU.Build.0 = Debug|Any CPU
		{C2C6169A-EC49-44DE-8366-38ACB47C7A79}.Release|Any CPU.ActiveCfg = Release|Any CPU
		{C2C6169A-EC49-44DE-8366-38ACB47C7A79}.Release|Any CPU.Build.0 = Release|Any CPU
		{F339A433-36F7-4539-BEB9-0EEF5FD7B047}.Debug|Any CPU.ActiveCfg = Debug|Any CPU
		{F339A433-36F7-4539-BEB9-0EEF5FD7B047}.Debug|Any CPU.Build.0 = Debug|Any CPU
		{F339A433-36F7-4539-BEB9-0EEF5FD7B047}.Release|Any CPU.ActiveCfg = Release|Any CPU
		{F339A433-36F7-4539-BEB9-0EEF5FD7B047}.Release|Any CPU.Build.0 = Release|Any CPU
	EndGlobalSection
	GlobalSection(SolutionProperties) = preSolution
		HideSolutionNode = FALSE
	EndGlobalSection
	GlobalSection(ExtensibilityGlobals) = postSolution
		SolutionGuid = {7AA521A7-F372-4136-867C-A344CB2270AE}
	EndGlobalSection
EndGlobal
